
Microsoft Visual Studio Solution File, Format Version 12.00
# Visual Studio Version 17
VisualStudioVersion = 17.4.33122.133
MinimumVisualStudioVersion = 10.0.40219.1
Project("{9A19103F-16F7-4668-BE54-9A1E7A4F7556}") = "NativeAPI", "NativeAPI\NativeAPI.csproj", "{F2462522-5F4D-4083-8CFE-F18FFAF68451}"
EndProject
Project("{9A19103F-16F7-4668-BE54-9A1E7A4F7556}") = "Native.Domain", "Native.Domain\Native.Domain.csproj", "{53CBB58C-DF19-41D9-ACCD-FB4AA99D0544}"
EndProject
Project("{9A19103F-16F7-4668-BE54-9A1E7A4F7556}") = "Native.Services", "Native.Services\Native.Services.csproj", "{920317C3-DD61-405A-A5F2-0BD61E6C8470}"
EndProject
Project("{9A19103F-16F7-4668-BE54-9A1E7A4F7556}") = "Native.API", "Native.API\Native.API.csproj", "{B33676BF-F1C1-4BDA-9185-A1E458B73C18}"
EndProject
Project("{FAE04EC0-301F-11D3-BF4B-00C04F79EFBC}") = "Native.LoggerService", "Native.LoggerService\Native.LoggerService.csproj", "{3C1C870B-FFD1-4982-94BD-C820D6EAE824}"
EndProject
Global
	GlobalSection(SolutionConfigurationPlatforms) = preSolution
		Debug|Any CPU = Debug|Any CPU
		Release|Any CPU = Release|Any CPU
	EndGlobalSection
	GlobalSection(ProjectConfigurationPlatforms) = postSolution
		{F2462522-5F4D-4083-8CFE-F18FFAF68451}.Debug|Any CPU.ActiveCfg = Debug|Any CPU
		{F2462522-5F4D-4083-8CFE-F18FFAF68451}.Debug|Any CPU.Build.0 = Debug|Any CPU
		{F2462522-5F4D-4083-8CFE-F18FFAF68451}.Release|Any CPU.ActiveCfg = Release|Any CPU
		{F2462522-5F4D-4083-8CFE-F18FFAF68451}.Release|Any CPU.Build.0 = Release|Any CPU
		{53CBB58C-DF19-41D9-ACCD-FB4AA99D0544}.Debug|Any CPU.ActiveCfg = Debug|Any CPU
		{53CBB58C-DF19-41D9-ACCD-FB4AA99D0544}.Debug|Any CPU.Build.0 = Debug|Any CPU
		{53CBB58C-DF19-41D9-ACCD-FB4AA99D0544}.Release|Any CPU.ActiveCfg = Release|Any CPU
		{53CBB58C-DF19-41D9-ACCD-FB4AA99D0544}.Release|Any CPU.Build.0 = Release|Any CPU
		{920317C3-DD61-405A-A5F2-0BD61E6C8470}.Debug|Any CPU.ActiveCfg = Debug|Any CPU
		{920317C3-DD61-405A-A5F2-0BD61E6C8470}.Debug|Any CPU.Build.0 = Debug|Any CPU
		{920317C3-DD61-405A-A5F2-0BD61E6C8470}.Release|Any CPU.ActiveCfg = Release|Any CPU
		{920317C3-DD61-405A-A5F2-0BD61E6C8470}.Release|Any CPU.Build.0 = Release|Any CPU
		{B33676BF-F1C1-4BDA-9185-A1E458B73C18}.Debug|Any CPU.ActiveCfg = Debug|Any CPU
		{B33676BF-F1C1-4BDA-9185-A1E458B73C18}.Debug|Any CPU.Build.0 = Debug|Any CPU
		{B33676BF-F1C1-4BDA-9185-A1E458B73C18}.Release|Any CPU.ActiveCfg = Release|Any CPU
		{B33676BF-F1C1-4BDA-9185-A1E458B73C18}.Release|Any CPU.Build.0 = Release|Any CPU
		{3C1C870B-FFD1-4982-94BD-C820D6EAE824}.Debug|Any CPU.ActiveCfg = Debug|Any CPU
		{3C1C870B-FFD1-4982-94BD-C820D6EAE824}.Debug|Any CPU.Build.0 = Debug|Any CPU
		{3C1C870B-FFD1-4982-94BD-C820D6EAE824}.Release|Any CPU.ActiveCfg = Release|Any CPU
		{3C1C870B-FFD1-4982-94BD-C820D6EAE824}.Release|Any CPU.Build.0 = Release|Any CPU
	EndGlobalSection
	GlobalSection(SolutionProperties) = preSolution
		HideSolutionNode = FALSE
	EndGlobalSection
	GlobalSection(ExtensibilityGlobals) = postSolution
		SolutionGuid = {136FFBD4-74B6-476A-A662-9B12786D11DA}
	EndGlobalSection
EndGlobal
